
Microsoft Visual Studio Solution File, Format Version 12.00
# Visual Studio Version 17
VisualStudioVersion = 17.4.33122.133
MinimumVisualStudioVersion = 10.0.40219.1
Project("{FAE04EC0-301F-11D3-BF4B-00C04F79EFBC}") = "Analizador", "Analizador.csproj", "{DF5520B2-4077-4AC5-BCE9-ED65C96963FC}"
EndProject
Global
	GlobalSection(SolutionConfigurationPlatforms) = preSolution
		Debug|Any CPU = Debug|Any CPU
		Release|Any CPU = Release|Any CPU
	EndGlobalSection
	GlobalSection(ProjectConfigurationPlatforms) = postSolution
		{DF5520B2-4077-4AC5-BCE9-ED65C96963FC}.Debug|Any CPU.ActiveCfg = Debug|Any CPU
		{DF5520B2-4077-4AC5-BCE9-ED65C96963FC}.Debug|Any CPU.Build.0 = Debug|Any CPU
		{DF5520B2-4077-4AC5-BCE9-ED65C96963FC}.Release|Any CPU.ActiveCfg = Release|Any CPU
		{DF5520B2-4077-4AC5-BCE9-ED65C96963FC}.Release|Any CPU.Build.0 = Release|Any CPU
	EndGlobalSection
	GlobalSection(SolutionProperties) = preSolution
		HideSolutionNode = FALSE
	EndGlobalSection
	GlobalSection(ExtensibilityGlobals) = postSolution
		SolutionGuid = {398271ED-3EBB-4C50-9A83-C106EB6DDC40}
	EndGlobalSection
EndGlobal
